
Microsoft Visual Studio Solution File, Format Version 12.00
# Visual Studio Version 16
VisualStudioVersion = 16.0.30128.74
MinimumVisualStudioVersion = 10.0.40219.1
Project("{2150E333-8FDC-42A3-9474-1A3956D46DE8}") = "Microservices", "Microservices", "{3E3C960A-9EF4-4A80-A8C0-3B60F4EF2808}"
EndProject
Project("{2150E333-8FDC-42A3-9474-1A3956D46DE8}") = "Domain", "Domain", "{0B1EEFB4-BB09-48AC-AD59-225C30CF7BB9}"
EndProject
Project("{2150E333-8FDC-42A3-9474-1A3956D46DE8}") = "Infra.Bus", "Infra.Bus", "{60E8DCD0-6F1F-4402-937C-542A5BEE38D4}"
EndProject
Project("{2150E333-8FDC-42A3-9474-1A3956D46DE8}") = "Infra.IoC", "Infra.IoC", "{BE0B00D5-91C0-44EF-B8E7-7DA13A9C5D72}"
EndProject
Project("{2150E333-8FDC-42A3-9474-1A3956D46DE8}") = "Presentation", "Presentation", "{FFA17CB4-C329-4527-B638-75CEB9B8B143}"
EndProject
Project("{FAE04EC0-301F-11D3-BF4B-00C04F79EFBC}") = "MicroRabbit.Domain.Core", "MicroRabbit.Domain.Core\MicroRabbit.Domain.Core.csproj", "{E439B31B-99AE-4931-A24D-2ECCD2762AA1}"
EndProject
Project("{FAE04EC0-301F-11D3-BF4B-00C04F79EFBC}") = "MicroRabbit.Infra.Bus", "MicroRabbit.Infra.Bus\MicroRabbit.Infra.Bus.csproj", "{281657CC-83AD-4C68-A16F-856D20662BEE}"
EndProject
Global
	GlobalSection(SolutionConfigurationPlatforms) = preSolution
		Debug|Any CPU = Debug|Any CPU
		Release|Any CPU = Release|Any CPU
	EndGlobalSection
	GlobalSection(ProjectConfigurationPlatforms) = postSolution
		{E439B31B-99AE-4931-A24D-2ECCD2762AA1}.Debug|Any CPU.ActiveCfg = Debug|Any CPU
		{E439B31B-99AE-4931-A24D-2ECCD2762AA1}.Debug|Any CPU.Build.0 = Debug|Any CPU
		{E439B31B-99AE-4931-A24D-2ECCD2762AA1}.Release|Any CPU.ActiveCfg = Release|Any CPU
		{E439B31B-99AE-4931-A24D-2ECCD2762AA1}.Release|Any CPU.Build.0 = Release|Any CPU
		{281657CC-83AD-4C68-A16F-856D20662BEE}.Debug|Any CPU.ActiveCfg = Debug|Any CPU
		{281657CC-83AD-4C68-A16F-856D20662BEE}.Debug|Any CPU.Build.0 = Debug|Any CPU
		{281657CC-83AD-4C68-A16F-856D20662BEE}.Release|Any CPU.ActiveCfg = Release|Any CPU
		{281657CC-83AD-4C68-A16F-856D20662BEE}.Release|Any CPU.Build.0 = Release|Any CPU
	EndGlobalSection
	GlobalSection(SolutionProperties) = preSolution
		HideSolutionNode = FALSE
	EndGlobalSection
	GlobalSection(NestedProjects) = preSolution
		{E439B31B-99AE-4931-A24D-2ECCD2762AA1} = {0B1EEFB4-BB09-48AC-AD59-225C30CF7BB9}
		{281657CC-83AD-4C68-A16F-856D20662BEE} = {60E8DCD0-6F1F-4402-937C-542A5BEE38D4}
	EndGlobalSection
	GlobalSection(ExtensibilityGlobals) = postSolution
		SolutionGuid = {0CE1C97E-BDD8-4113-8400-2115FA745E10}
	EndGlobalSection
EndGlobal
